
Microsoft Visual Studio Solution File, Format Version 12.00
# Visual Studio 15
VisualStudioVersion = 15.0.28307.539
MinimumVisualStudioVersion = 10.0.40219.1
Project("{E24C65DC-7377-472B-9ABA-BC803B73C61A}") = "Workshop", "Workshop\", "{CF43DA5F-F91F-4946-9FAD-AC170D25B138}"
	ProjectSection(WebsiteProperties) = preProject
		TargetFrameworkMoniker = ".NETFramework,Version%3Dv4.6.1"
		Debug.AspNetCompiler.VirtualPath = "/localhost_59697"
		Debug.AspNetCompiler.PhysicalPath = "Workshop\"
		Debug.AspNetCompiler.TargetPath = "PrecompiledWeb\localhost_59697\"
		Debug.AspNetCompiler.Updateable = "true"
		Debug.AspNetCompiler.ForceOverwrite = "true"
		Debug.AspNetCompiler.FixedNames = "false"
		Debug.AspNetCompiler.Debug = "True"
		Release.AspNetCompiler.VirtualPath = "/localhost_59697"
		Release.AspNetCompiler.PhysicalPath = "Workshop\"
		Release.AspNetCompiler.TargetPath = "PrecompiledWeb\localhost_59697\"
		Release.AspNetCompiler.Updateable = "true"
		Release.AspNetCompiler.ForceOverwrite = "true"
		Release.AspNetCompiler.FixedNames = "false"
		Release.AspNetCompiler.Debug = "False"
		VWDPort = "59697"
		SlnRelativePath = "Workshop\"
		DefaultWebSiteLanguage = "Visual C#"
	EndProjectSection
EndProject
Global
	GlobalSection(SolutionConfigurationPlatforms) = preSolution
		Debug|Any CPU = Debug|Any CPU
	EndGlobalSection
	GlobalSection(ProjectConfigurationPlatforms) = postSolution
		{CF43DA5F-F91F-4946-9FAD-AC170D25B138}.Debug|Any CPU.ActiveCfg = Debug|Any CPU
		{CF43DA5F-F91F-4946-9FAD-AC170D25B138}.Debug|Any CPU.Build.0 = Debug|Any CPU
	EndGlobalSection
	GlobalSection(SolutionProperties) = preSolution
		HideSolutionNode = FALSE
	EndGlobalSection
	GlobalSection(ExtensibilityGlobals) = postSolution
		SolutionGuid = {562BCB0C-2226-486B-A434-37F2204A44F6}
	EndGlobalSection
EndGlobal
